
Microsoft Visual Studio Solution File, Format Version 12.00
# Visual Studio Version 17
VisualStudioVersion = 17.5.002.0
MinimumVisualStudioVersion = 10.0.40219.1
Project("{9A19103F-16F7-4668-BE54-9A1E7A4F7556}") = "TodoApp", "TodoApp.csproj", "{B2E1256C-8BED-4AF0-8EF5-B6C82C480FAC}"
EndProject
Global
	GlobalSection(SolutionConfigurationPlatforms) = preSolution
		Debug|Any CPU = Debug|Any CPU
		Release|Any CPU = Release|Any CPU
	EndGlobalSection
	GlobalSection(ProjectConfigurationPlatforms) = postSolution
		{B2E1256C-8BED-4AF0-8EF5-B6C82C480FAC}.Debug|Any CPU.ActiveCfg = Debug|Any CPU
		{B2E1256C-8BED-4AF0-8EF5-B6C82C480FAC}.Debug|Any CPU.Build.0 = Debug|Any CPU
		{B2E1256C-8BED-4AF0-8EF5-B6C82C480FAC}.Release|Any CPU.ActiveCfg = Release|Any CPU
		{B2E1256C-8BED-4AF0-8EF5-B6C82C480FAC}.Release|Any CPU.Build.0 = Release|Any CPU
	EndGlobalSection
	GlobalSection(SolutionProperties) = preSolution
		HideSolutionNode = FALSE
	EndGlobalSection
	GlobalSection(ExtensibilityGlobals) = postSolution
		SolutionGuid = {3DA1EE5E-1530-46D5-87B9-AEDC2FCA04DE}
	EndGlobalSection
EndGlobal
